Microsoft Visual Studio Solution File, Format Version 12.00
# Visual Studio Version 17
VisualStudioVersion = 17.5.2.0
MinimumVisualStudioVersion = 10.0.40219.1
Project("{2150E333-8FDC-42A3-9474-1A3956D46DE8}") = "hud-win", "hud-win", "{6C359A35-5AF2-2D22-D9F8-815219FD9782}"
EndProject
Project("{FAE04EC0-301F-11D3-BF4B-00C04F79EFBC}") = "JarvisHUD", "hud-win\JarvisHUD.csproj", "{36683C8A-9F9E-71DC-7E8C-F74AC5DA32F7}"
EndProject
Global
	GlobalSection(SolutionConfigurationPlatforms) = preSolution
		Debug|Any CPU = Debug|Any CPU
		Release|Any CPU = Release|Any CPU
	EndGlobalSection
	GlobalSection(ProjectConfigurationPlatforms) = postSolution
		{36683C8A-9F9E-71DC-7E8C-F74AC5DA32F7}.Debug|Any CPU.ActiveCfg = Debug|Any CPU
		{36683C8A-9F9E-71DC-7E8C-F74AC5DA32F7}.Debug|Any CPU.Build.0 = Debug|Any CPU
		{36683C8A-9F9E-71DC-7E8C-F74AC5DA32F7}.Release|Any CPU.ActiveCfg = Release|Any CPU
		{36683C8A-9F9E-71DC-7E8C-F74AC5DA32F7}.Release|Any CPU.Build.0 = Release|Any CPU
	EndGlobalSection
	GlobalSection(SolutionProperties) = preSolution
		HideSolutionNode = FALSE
	EndGlobalSection
	GlobalSection(NestedProjects) = preSolution
		{36683C8A-9F9E-71DC-7E8C-F74AC5DA32F7} = {6C359A35-5AF2-2D22-D9F8-815219FD9782}
	EndGlobalSection
	GlobalSection(ExtensibilityGlobals) = postSolution
		SolutionGuid = {60A70949-50FA-48EC-89A6-1C92FE3C65DC}
	EndGlobalSection
EndGlobal
